{
	"archiveVersion": "1",
	"classes": {},
	"objectVersion": "54",
	"objects": {
		"0145131C-8E6C-4B19-85B7-925070E54F42": {
			"explicitFileType": "sourcecode.cpp.cpp",
			"fileEncoding": "4",
			"isa": "PBXFileReference",
			"name": "ofxSlider.cpp",
			"path": "../../../addons/ofxGui/src/ofxSlider.cpp",
			"sourceTree": "SOURCE_ROOT"
		},
		"02316BCF-79FD-44D7-B0DE-84F4A83AB27C": {
			"explicitFileType": "sourcecode.c.h",
			"fileEncoding": "4",
			"isa": "PBXFileReference",
			"name": "rc4.h",
			"path": "../../../addons/ofxPoco/libs/openssl/include/openssl/rc4.h",
			"sourceTree": "SOURCE_ROOT"
		},
		"02E84E24-B030-48A8-9D54-A28C18516174": {
			"explicitFileType": "sourcecode.cpp.cpp",
			"fileEncoding": "4",
			"isa": "PBXFileReference",
			"name": "ofxExportImageSequence.cpp",
			"path": "../../../addons/ofxExportImageSequence/src/ofxExportImageSequence.cpp",
			"sourceTree": "SOURCE_ROOT"
		},
		"03F1A86D-EF32-4127-A92F-6C6C49C22CAE": {
			"explicitFileType": "sourcecode.c.h",
			"fileEncoding": "4",
			"isa": "PBXFileReference",
			"name": "obj_mac.h",
			"path": "../../../addons/ofxPoco/libs/openssl/include/openssl/obj_mac.h",
			"sourceTree": "SOURCE_ROOT"
		},
		"050BF501-F084-4D2C-8EE3-69EC9206CC86": {
			"explicitFileType": "sourcecode.c.h",
			"fileEncoding": "4",
			"isa": "PBXFileReference",
			"name": "ofxGuiGroup.h",
			"path": "../../../addons/ofxGui/src/ofxGuiGroup.h",
			"sourceTree": "SOURCE_ROOT"
		},
		"09361408-09BA-41A7-8861-5390B4F0ABD6": {
			"children": [
				"D398141D-DF35-42C2-957B-75F121C7E7DA",
				"59DFDE76-E1B8-45CF-9AA1-8A9DE1F0CD0B"
			],
			"isa": "PBXGroup",
			"name": "src",
			"path": "../../../addons/ofxImageSequenceExport/src",
			"sourceTree": "SOURCE_ROOT"
		},
		"0B4D14A7-F4FD-4B91-994A-DE566808B473": {
			"explicitFileType": "sourcecode.c.h",
			"fileEncoding": "4",
			"isa": "PBXFileReference",
			"name": "conf.h",
			"path": "../../../addons/ofxPoco/libs/openssl/include/openssl/conf.h",
			"sourceTree": "SOURCE_ROOT"
		},
		"0C16755D-A462-425B-BCB2-6503A524E9E3": {
			"explicitFileType": "sourcecode.c.h",
			"fileEncoding": "4",
			"isa": "PBXFileReference",
			"name": "dtls1.h",
			"path": "../../../addons/ofxPoco/libs/openssl/include/openssl/dtls1.h",
			"sourceTree": "SOURCE_ROOT"
		},
		"0D019B95-E041-41C1-9C31-0D69C0CEB27C": {
			"explicitFileType": "sourcecode.c.h",
			"fileEncoding": "4",
			"isa": "PBXFileReference",
			"name": "ofxToggle.h",
			"path": "../../../addons/ofxGui/src/ofxToggle.h",
			"sourceTree": "SOURCE_ROOT"
		},
		"0F723063-A702-4EB0-94D7-09A01323835C": {
			"explicitFileType": "sourcecode.c.h",
			"fileEncoding": "4",
			"isa": "PBXFileReference",
			"name": "rsa.h",
			"path": "../../../addons/ofxPoco/libs/openssl/include/openssl/rsa.h",
			"sourceTree": "SOURCE_ROOT"
		},
		"115D2110-3058-4F71-AF38-515228323F8E": {
			"explicitFileType": "sourcecode.c.h",
			"fileEncoding": "4",
			"isa": "PBXFileReference",
			"name": "pkcs12.h",
			"path": "../../../addons/ofxPoco/libs/openssl/include/openssl/pkcs12.h",
			"sourceTree": "SOURCE_ROOT"
		},
		"11F9AE7F-38A3-4872-A3E7-461C22F96EAF": {
			"children": [
				"C97A3836-0A0F-4F62-B4B0-2AC72C67398C"
			],
			"isa": "PBXGroup",
			"name": "libs",
			"path": "../../../addons/ofxPoco/libs",
			"sourceTree": "SOURCE_ROOT"
		},
		"14342CF3-A5D6-4593-B46C-77244B1332CB": {
			"children": [
				"32DE3FE2-B57D-4B00-9535-55E4D8977F17",
				"761A1774-89FA-4CF4-A8CD-700C21035696"
			],
			"isa": "PBXGroup",
			"name": "src",
			"path": "../../../addons/ofxPoco/src",
			"sourceTree": "SOURCE_ROOT"
		},
		"16352BDD-0A02-40FD-84D0-2CB3B5C06A63": {
			"explicitFileType": "sourcecode.c.h",
			"fileEncoding": "4",
			"isa": "PBXFileReference",
			"name": "opensslconf.h",
			"path": "../../../addons/ofxPoco/libs/openssl/include/openssl/opensslconf.h",
			"sourceTree": "SOURCE_ROOT"
		},
		"163B008C-90FB-4B44-9FBE-6BC4218C2F32": {
			"explicitFileType": "sourcecode.cpp.cpp",
			"fileEncoding": "4",
			"isa": "PBXFileReference",
			"name": "led.cpp",
			"path": "src/led.cpp",
			"sourceTree": "SOURCE_ROOT"
		},
		"163D9627-010F-450A-B51E-4F28C790EC48": {
			"explicitFileType": "sourcecode.c.h",
			"fileEncoding": "4",
			"isa": "PBXFileReference",
			"name": "ebcdic.h",
			"path": "../../../addons/ofxPoco/libs/openssl/include/openssl/ebcdic.h",
			"sourceTree": "SOURCE_ROOT"
		},
		"170D7812-6F25-429E-933A-47373B4B7E97": {
			"explicitFileType": "sourcecode.cpp.cpp",
			"fileEncoding": "4",
			"isa": "PBXFileReference",
			"name": "ofxLabel.cpp",
			"path": "../../../addons/ofxGui/src/ofxLabel.cpp",
			"sourceTree": "SOURCE_ROOT"
		},
		"191CD6FA2847E21E0085CBB6": {
			"fileEncoding": "4",
			"isa": "PBXFileReference",
			"lastKnownFileType": "text.plist.entitlements",
			"path": "of.entitlements",
			"sourceTree": "<group>"
		},
		"191EF70929D778A400F35F26": {
			"isa": "PBXFileReference",
			"lastKnownFileType": "folder",
			"name": "openFrameworks",
			"path": "../../../libs/openFrameworks",
			"sourceTree": "SOURCE_ROOT"
		},
		"19B789C429E5AB4A0082E9B8": {
			"buildActionMask": "2147483647",
			"files": [],
			"inputFileListPaths": [],
			"inputPaths": [],
			"isa": "PBXShellScriptBuildPhase",
			"outputFileListPaths": [],
			"outputPaths": [],
			"runOnlyForDeploymentPostprocessing": "0",
			"shellPath": "/bin/sh",
			"shellScript": "\"$OF_PATH/scripts/osx/xcode_project.sh\"\n",
			"showEnvVarsInLog": "0"
		},
		"1B9FC4A2-283A-476D-AA77-B3FCF5E16709": {
			"explicitFileType": "sourcecode.c.h",
			"fileEncoding": "4",
			"isa": "PBXFileReference",
			"name": "aes.h",
			"path": "../../../addons/ofxPoco/libs/openssl/include/openssl/aes.h",
			"sourceTree": "SOURCE_ROOT"
		},
		"1DF806D9-9A02-4FCE-B62A-EF5592219CCF": {
			"explicitFileType": "sourcecode.c.h",
			"fileEncoding": "4",
			"isa": "PBXFileReference",
			"name": "blowfish.h",
			"path": "../../../addons/ofxPoco/libs/openssl/include/openssl/blowfish.h",
			"sourceTree": "SOURCE_ROOT"
		},
		"1F15B356-7B7D-4FC7-BF1F-956066280127": {
			"children": [
				"D2EED35D-622C-44F5-8172-727F69A0AEA6",
				"4031DCF7-995C-47FB-8D64-460C3DF642D8"
			],
			"isa": "PBXGroup",
			"name": "ofxExportImageSequence",
			"path": "../../../addons/ofxExportImageSequence",
			"sourceTree": "SOURCE_ROOT"
		},
		"1FCFFA02-D765-4C50-8142-A1D07D9FE7CB": {
			"explicitFileType": "sourcecode.c.h",
			"fileEncoding": "4",
			"isa": "PBXFileReference",
			"name": "stack.h",
			"path": "../../../addons/ofxPoco/libs/openssl/include/openssl/stack.h",
			"sourceTree": "SOURCE_ROOT"
		},
		"231A91E9-FAE6-4E0A-A4FE-B35116CBB26D": {
			"fileRef": "2DE24FD1-7368-4373-832D-90146802F773",
			"isa": "PBXBuildFile"
		},
		"23EB64E9-009D-40BE-B597-6789F467E11A": {
			"explicitFileType": "sourcecode.c.h",
			"fileEncoding": "4",
			"isa": "PBXFileReference",
			"name": "ocsp.h",
			"path": "../../../addons/ofxPoco/libs/openssl/include/openssl/ocsp.h",
			"sourceTree": "SOURCE_ROOT"
		},
		"2A2AA61E-25CB-4604-B1C4-DBAD515446B3": {
			"children": [
				"BACBAC36-5728-4599-9817-72A516D7E5AF"
			],
			"isa": "PBXGroup",
			"name": "ofxGui",
			"path": "../../../addons/ofxGui",
			"sourceTree": "SOURCE_ROOT"
		},
		"2DE24FD1-7368-4373-832D-90146802F773": {
			"explicitFileType": "sourcecode.cpp.cpp",
			"fileEncoding": "4",
			"isa": "PBXFileReference",
			"name": "ofxSliderGroup.cpp",
			"path": "../../../addons/ofxGui/src/ofxSliderGroup.cpp",
			"sourceTree": "SOURCE_ROOT"
		},
		"2EFD12CB-0C74-4252-A955-95A4588135E3": {
			"explicitFileType": "sourcecode.c.h",
			"fileEncoding": "4",
			"isa": "PBXFileReference",
			"name": "sha.h",
			"path": "../../../addons/ofxPoco/libs/openssl/include/openssl/sha.h",
			"sourceTree": "SOURCE_ROOT"
		},
		"3028388C-470B-4BF5-9FF2-8122FC5B2FD7": {
			"explicitFileType": "sourcecode.c.h",
			"fileEncoding": "4",
			"isa": "PBXFileReference",
			"name": "tiffvers.h",
			"path": "../../../addons/ofxExportImageSequence/libs/libtiff/include/tiffvers.h",
			"sourceTree": "SOURCE_ROOT"
		},
		"304E261D-2E09-4895-BFEE-ADCAEE5179C6": {
			"explicitFileType": "sourcecode.cpp.cpp",
			"fileEncoding": "4",
			"isa": "PBXFileReference",
			"name": "ofxInputField.cpp",
			"path": "../../../addons/ofxGui/src/ofxInputField.cpp",
			"sourceTree": "SOURCE_ROOT"
		},
		"32411A92-2184-49B3-99B5-78879CEE34EB": {
			"explicitFileType": "sourcecode.c.h",
			"fileEncoding": "4",
			"isa": "PBXFileReference",
			"name": "ofxLabel.h",
			"path": "../../../addons/ofxGui/src/ofxLabel.h",
			"sourceTree": "SOURCE_ROOT"
		},
		"32DE3FE2-B57D-4B00-9535-55E4D8977F17": {
			"explicitFileType": "sourcecode.cpp.cpp",
			"fileEncoding": "4",
			"isa": "PBXFileReference",
			"name": "ofxXmlPoco.cpp",
			"path": "../../../addons/ofxPoco/src/ofxXmlPoco.cpp",
			"sourceTree": "SOURCE_ROOT"
		},
		"35D85FBE-D836-406E-9BEC-30F4F4339FC2": {
			"explicitFileType": "sourcecode.c.h",
			"fileEncoding": "4",
			"isa": "PBXFileReference",
			"name": "pkcs7.h",
			"path": "../../../addons/ofxPoco/libs/openssl/include/openssl/pkcs7.h",
			"sourceTree": "SOURCE_ROOT"
		},
		"365B03AA-DBED-484B-B545-57615CB214B0": {
			"explicitFileType": "sourcecode.c.h",
			"fileEncoding": "4",
			"isa": "PBXFileReference",
			"name": "asn1_mac.h",
			"path": "../../../addons/ofxPoco/libs/openssl/include/openssl/asn1_mac.h",
			"sourceTree": "SOURCE_ROOT"
		},
		"36FD17A8-7C36-4C3B-B1DF-4D22F8D6BE4B": {
			"explicitFileType": "sourcecode.c.h",
			"fileEncoding": "4",
			"isa": "PBXFileReference",
			"name": "rand.h",
			"path": "../../../addons/ofxPoco/libs/openssl/include/openssl/rand.h",
			"sourceTree": "SOURCE_ROOT"
		},
		"394440F2-F070-4380-A0BE-F88E721971D1": {
			"explicitFileType": "sourcecode.c.h",
			"fileEncoding": "4",
			"isa": "PBXFileReference",
			"name": "x509_vfy.h",
			"path": "../../../addons/ofxPoco/libs/openssl/include/openssl/x509_vfy.h",
			"sourceTree": "SOURCE_ROOT"
		},
		"3A014EAF-70FD-453C-84DB-F86C26F9C93D": {
			"explicitFileType": "sourcecode.c.h",
			"fileEncoding": "4",
			"isa": "PBXFileReference",
			"name": "srtp.h",
			"path": "../../../addons/ofxPoco/libs/openssl/include/openssl/srtp.h",
			"sourceTree": "SOURCE_ROOT"
		},
		"3CD3F46C-DF09-477F-A42B-C1728A6C2594": {
			"explicitFileType": "sourcecode.c.h",
			"fileEncoding": "4",
			"isa": "PBXFileReference",
			"name": "ofxSlider.h",
			"path": "../../../addons/ofxGui/src/ofxSlider.h",
			"sourceTree": "SOURCE_ROOT"
		},
		"3F4BABFD-3588-4FD6-B5FF-5AAE83D65911": {
			"explicitFileType": "sourcecode.c.h",
			"fileEncoding": "4",
			"isa": "PBXFileReference",
			"name": "kdf.h",
			"path": "../../../addons/ofxPoco/libs/openssl/include/openssl/kdf.h",
			"sourceTree": "SOURCE_ROOT"
		},
		"4031DCF7-995C-47FB-8D64-460C3DF642D8": {
			"children": [
				"02E84E24-B030-48A8-9D54-A28C18516174",
				"D3199A95-42EF-4539-8417-325475865C5E"
			],
			"isa": "PBXGroup",
			"name": "src",
			"path": "../../../addons/ofxExportImageSequence/src",
			"sourceTree": "SOURCE_ROOT"
		},
		"4243D98E-A502-4577-B082-ECF34E3A2942": {
			"fileRef": "02E84E24-B030-48A8-9D54-A28C18516174",
			"isa": "PBXBuildFile"
		},
		"448EAF18-452C-4F6C-814E-A0B4B9EB85D7": {
			"explicitFileType": "sourcecode.c.h",
			"fileEncoding": "4",
			"isa": "PBXFileReference",
			"name": "whrlpool.h",
			"path": "../../../addons/ofxPoco/libs/openssl/include/openssl/whrlpool.h",
			"sourceTree": "SOURCE_ROOT"
		},
		"46D799FC-B79C-4D2F-A111-282E5B3D06DA": {
			"explicitFileType": "sourcecode.c.h",
			"fileEncoding": "4",
			"isa": "PBXFileReference",
			"name": "cmac.h",
			"path": "../../../addons/ofxPoco/libs/openssl/include/openssl/cmac.h",
			"sourceTree": "SOURCE_ROOT"
		},
		"49CB6D57-983C-4148-BF2A-68B8019C3A19": {
			"explicitFileType": "sourcecode.c.h",
			"fileEncoding": "4",
			"isa": "PBXFileReference",
			"name": "mdc2.h",
			"path": "../../../addons/ofxPoco/libs/openssl/include/openssl/mdc2.h",
			"sourceTree": "SOURCE_ROOT"
		},
		"4A139278-739D-4C35-8B8F-DDB05044CE95": {
			"explicitFileType": "sourcecode.c.h",
			"fileEncoding": "4",
			"isa": "PBXFileReference",
			"name": "ofxGuiUtils.h",
			"path": "../../../addons/ofxGui/src/ofxGuiUtils.h",
			"sourceTree": "SOURCE_ROOT"
		},
		"4B555461-67A4-4B05-9C93-70E155F7700D": {
			"children": [
				"11F9AE7F-38A3-4872-A3E7-461C22F96EAF",
				"14342CF3-A5D6-4593-B46C-77244B1332CB"
			],
			"isa": "PBXGroup",
			"name": "ofxPoco",
			"path": "../../../addons/ofxPoco",
			"sourceTree": "SOURCE_ROOT"
		},
		"4DE53EB4-6308-420B-9750-D34BAD99EDF5": {
			"explicitFileType": "sourcecode.c.h",
			"fileEncoding": "4",
			"isa": "PBXFileReference",
			"name": "conf_api.h",
			"path": "../../../addons/ofxPoco/libs/openssl/include/openssl/conf_api.h",
			"sourceTree": "SOURCE_ROOT"
		},
		"4F025264-0F0A-464D-8B43-0B6342F421E0": {
			"explicitFileType": "sourcecode.c.h",
			"fileEncoding": "4",
			"isa": "PBXFileReference",
			"name": "opensslconf_osx.h",
			"path": "../../../addons/ofxPoco/libs/openssl/include/openssl/opensslconf_osx.h",
			"sourceTree": "SOURCE_ROOT"
		},
		"508A3CDA-4333-402D-AF29-6A9456F74CEA": {
			"explicitFileType": "sourcecode.c.h",
			"fileEncoding": "4",
			"isa": "PBXFileReference",
			"name": "crypto.h",
			"path": "../../../addons/ofxPoco/libs/openssl/include/openssl/crypto.h",
			"sourceTree": "SOURCE_ROOT"
		},
		"5776B52D-3E9D-48D9-9C69-0933C250D344": {
			"explicitFileType": "sourcecode.c.h",
			"fileEncoding": "4",
			"isa": "PBXFileReference",
			"name": "tiffio.h",
			"path": "../../../addons/ofxExportImageSequence/libs/libtiff/include/tiffio.h",
			"sourceTree": "SOURCE_ROOT"
		},
		"5807914C-F34D-41CC-ABFB-0367697E52EB": {
			"explicitFileType": "sourcecode.c.h",
			"fileEncoding": "4",
			"isa": "PBXFileReference",
			"name": "ripemd.h",
			"path": "../../../addons/ofxPoco/libs/openssl/include/openssl/ripemd.h",
			"sourceTree": "SOURCE_ROOT"
		},
		"58EB5F34-C21F-4E7B-B794-EE5D8FA48845": {
			"explicitFileType": "sourcecode.cpp.cpp",
			"fileEncoding": "4",
			"isa": "PBXFileReference",
			"name": "particle.cpp",
			"path": "src/particle.cpp",
			"sourceTree": "SOURCE_ROOT"
		},
		"5953E70D-6049-4E93-8DDC-127F3F0B5753": {
			"explicitFileType": "sourcecode.cpp.cpp",
			"fileEncoding": "4",
			"isa": "PBXFileReference",
			"name": "ofxPanel.cpp",
			"path": "../../../addons/ofxGui/src/ofxPanel.cpp",
			"sourceTree": "SOURCE_ROOT"
		},
		"59DFDE76-E1B8-45CF-9AA1-8A9DE1F0CD0B": {
			"explicitFileType": "sourcecode.c.h",
			"fileEncoding": "4",
			"isa": "PBXFileReference",
			"name": "ofxImageSequenceExport.h",
			"path": "../../../addons/ofxImageSequenceExport/src/ofxImageSequenceExport.h",
			"sourceTree": "SOURCE_ROOT"
		},
		"5A525F61-27F5-4786-9F89-26D41B79783F": {
			"fileRef": "163B008C-90FB-4B44-9FBE-6BC4218C2F32",
			"isa": "PBXBuildFile"
		},
		"5EF98AEC-5DCE-4A17-A8BF-6597444E1A19": {
			"fileRef": "DFC11224-A9F0-42E3-8F15-0BA431CA0154",
			"isa": "PBXBuildFile"
		},
		"5FB656BC-9CB8-4998-964D-7FD60F0BEFDB": {
			"fileRef": "0145131C-8E6C-4B19-85B7-925070E54F42",
			"isa": "PBXBuildFile"
		},
		"61E2CCE4-C4DF-4769-BC84-DBCA83A1DE3E": {
			"explicitFileType": "sourcecode.c.h",
			"fileEncoding": "4",
			"isa": "PBXFileReference",
			"name": "bio.h",
			"path": "../../../addons/ofxPoco/libs/openssl/include/openssl/bio.h",
			"sourceTree": "SOURCE_ROOT"
		},
		"62A324D3-DA33-48D6-B83B-2B3CC34DF101": {
			"children": [
				"EAC63333-B735-45DA-9F61-1846E0EFE7E2",
				"F62DD766-F0B7-4F0E-8910-60E3CC15A254",
				"5776B52D-3E9D-48D9-9C69-0933C250D344",
				"3028388C-470B-4BF5-9FF2-8122FC5B2FD7"
			],
			"isa": "PBXGroup",
			"name": "include",
			"path": "../../../addons/ofxExportImageSequence/libs/libtiff/include",
			"sourceTree": "SOURCE_ROOT"
		},
		"6324FDA0-46FA-4304-AB0D-CE56B8536EDB": {
			"fileRef": "6A1CC190-55C3-415D-BB5B-0F1658486CC1",
			"isa": "PBXBuildFile"
		},
		"656E3EFB-DED6-498F-87C9-95CEFADFAFD3": {
			"explicitFileType": "sourcecode.c.h",
			"fileEncoding": "4",
			"isa": "PBXFileReference",
			"name": "ofxInputField.h",
			"path": "../../../addons/ofxGui/src/ofxInputField.h",
			"sourceTree": "SOURCE_ROOT"
		},
		"65FB666A-60C7-44C3-8171-E6D47FE7CC4D": {
			"explicitFileType": "sourcecode.c.h",
			"fileEncoding": "4",
			"isa": "PBXFileReference",
			"name": "ossl_typ.h",
			"path": "../../../addons/ofxPoco/libs/openssl/include/openssl/ossl_typ.h",
			"sourceTree": "SOURCE_ROOT"
		},
		"6A1CC190-55C3-415D-BB5B-0F1658486CC1": {
			"explicitFileType": "sourcecode.cpp.cpp",
			"fileEncoding": "4",
			"isa": "PBXFileReference",
			"name": "ofxButton.cpp",
			"path": "../../../addons/ofxGui/src/ofxButton.cpp",
			"sourceTree": "SOURCE_ROOT"
		},
		"6B90F8DC-8046-4409-9009-5CE66B53B172": {
			"explicitFileType": "sourcecode.c.h",
			"fileEncoding": "4",
			"isa": "PBXFileReference",
			"name": "engine.h",
			"path": "../../../addons/ofxPoco/libs/openssl/include/openssl/engine.h",
			"sourceTree": "SOURCE_ROOT"
		},
		"6E936A73-2D0F-4A4A-97D8-274407D30D66": {
			"explicitFileType": "sourcecode.c.h",
			"fileEncoding": "4",
			"isa": "PBXFileReference",
			"name": "ct.h",
			"path": "../../../addons/ofxPoco/libs/openssl/include/openssl/ct.h",
			"sourceTree": "SOURCE_ROOT"
		},
		"6FB89CFE-18E7-4B02-8CB0-16890019B82A": {
			"explicitFileType": "sourcecode.c.h",
			"fileEncoding": "4",
			"isa": "PBXFileReference",
			"name": "rc5.h",
			"path": "../../../addons/ofxPoco/libs/openssl/include/openssl/rc5.h",
			"sourceTree": "SOURCE_ROOT"
		},
		"72C25F47-6D18-411D-8D7D-AD5FDE019E77": {
			"explicitFileType": "sourcecode.c.h",
			"fileEncoding": "4",
			"isa": "PBXFileReference",
			"name": "particle.hpp",
			"path": "src/particle.hpp",
			"sourceTree": "SOURCE_ROOT"
		},
		"761A1774-89FA-4CF4-A8CD-700C21035696": {
			"explicitFileType": "sourcecode.c.h",
			"fileEncoding": "4",
			"isa": "PBXFileReference",
			"name": "ofxXmlPoco.h",
			"path": "../../../addons/ofxPoco/src/ofxXmlPoco.h",
			"sourceTree": "SOURCE_ROOT"
		},
		"79285534-5B00-48F6-A16A-613C2A1E0CA9": {
			"explicitFileType": "sourcecode.c.h",
			"fileEncoding": "4",
			"isa": "PBXFileReference",
			"name": "x509.h",
			"path": "../../../addons/ofxPoco/libs/openssl/include/openssl/x509.h",
			"sourceTree": "SOURCE_ROOT"
		},
		"79834D5C-07A0-40F3-A384-0A8E520FC436": {
			"explicitFileType": "sourcecode.c.h",
			"fileEncoding": "4",
			"isa": "PBXFileReference",
			"name": "ecdsa.h",
			"path": "../../../addons/ofxPoco/libs/openssl/include/openssl/ecdsa.h",
			"sourceTree": "SOURCE_ROOT"
		},
		"7CB4EE4C-A810-4F67-8D04-CB59AF928503": {
			"explicitFileType": "sourcecode.c.h",
			"fileEncoding": "4",
			"isa": "PBXFileReference",
			"name": "ssl.h",
			"path": "../../../addons/ofxPoco/libs/openssl/include/openssl/ssl.h",
			"sourceTree": "SOURCE_ROOT"
		},
		"849D9008-84B0-4342-98E5-2A80493AC79F": {
			"children": [
				"F395CE2E-62BB-489E-96A1-FDC81930A592"
			],
			"isa": "PBXGroup",
			"name": "include",
			"path": "../../../addons/ofxPoco/libs/openssl/include",
			"sourceTree": "SOURCE_ROOT"
		},
		"85EF8871-B146-4EFC-9B8C-71EC1FD63D63": {
			"explicitFileType": "sourcecode.c.h",
			"fileEncoding": "4",
			"isa": "PBXFileReference",
			"name": "srp.h",
			"path": "../../../addons/ofxPoco/libs/openssl/include/openssl/srp.h",
			"sourceTree": "SOURCE_ROOT"
		},
		"887508EC-6A55-4F82-9A8B-74BA3B7C4A67": {
			"explicitFileType": "sourcecode.c.h",
			"fileEncoding": "4",
			"isa": "PBXFileReference",
			"name": "cms.h",
			"path": "../../../addons/ofxPoco/libs/openssl/include/openssl/cms.h",
			"sourceTree": "SOURCE_ROOT"
		},
		"8979BEC4-0CA0-4FBC-B098-8514F6217EE6": {
			"explicitFileType": "sourcecode.c.h",
			"fileEncoding": "4",
			"isa": "PBXFileReference",
			"name": "safestack.h",
			"path": "../../../addons/ofxPoco/libs/openssl/include/openssl/safestack.h",
			"sourceTree": "SOURCE_ROOT"
		},
		"8A4F3641-C349-4A29-A3C5-15F782602656": {
			"fileRef": "32DE3FE2-B57D-4B00-9535-55E4D8977F17",
			"isa": "PBXBuildFile"
		},
		"8D184B9B-F991-448A-B7D8-2F539662E5C8": {
			"explicitFileType": "sourcecode.c.h",
			"fileEncoding": "4",
			"isa": "PBXFileReference",
			"name": "md2.h",
			"path": "../../../addons/ofxPoco/libs/openssl/include/openssl/md2.h",
			"sourceTree": "SOURCE_ROOT"
		},
		"8D56771A-284C-4715-A6D0-F6B4E819A01F": {
			"explicitFileType": "sourcecode.c.h",
			"fileEncoding": "4",
			"isa": "PBXFileReference",
			"name": "ofxSliderGroup.h",
			"path": "../../../addons/ofxGui/src/ofxSliderGroup.h",
			"sourceTree": "SOURCE_ROOT"
		},
		"8F15E3D6-0D25-4F46-AA66-88D6E3AA6DBC": {
			"explicitFileType": "sourcecode.c.h",
			"fileEncoding": "4",
			"isa": "PBXFileReference",
			"name": "camellia.h",
			"path": "../../../addons/ofxPoco/libs/openssl/include/openssl/camellia.h",
			"sourceTree": "SOURCE_ROOT"
		},
		"8F28CAF1-B888-4B9C-AF0E-335471484827": {
			"fileRef": "5953E70D-6049-4E93-8DDC-127F3F0B5753",
			"isa": "PBXBuildFile"
		},
		"98FE2A43-CD0C-4798-B2F7-2E8F4F9EDBD6": {
			"explicitFileType": "sourcecode.c.h",
			"fileEncoding": "4",
			"isa": "PBXFileReference",
			"name": "ui.h",
			"path": "../../../addons/ofxPoco/libs/openssl/include/openssl/ui.h",
			"sourceTree": "SOURCE_ROOT"
		},
		"99440DFA-7D22-4F68-8CCB-2A5B4EC8E27B": {
			"explicitFileType": "sourcecode.c.h",
			"fileEncoding": "4",
			"isa": "PBXFileReference",
			"name": "ts.h",
			"path": "../../../addons/ofxPoco/libs/openssl/include/openssl/ts.h",
			"sourceTree": "SOURCE_ROOT"
		},
		"99BEB96B-D06A-4537-A980-037302617FA5": {
			"explicitFileType": "sourcecode.c.h",
			"fileEncoding": "4",
			"isa": "PBXFileReference",
			"name": "ec.h",
			"path": "../../../addons/ofxPoco/libs/openssl/include/openssl/ec.h",
			"sourceTree": "SOURCE_ROOT"
		},
		"9BC40530-EEE0-4045-A233-F0833F510F1C": {
			"explicitFileType": "sourcecode.c.h",
			"fileEncoding": "4",
			"isa": "PBXFileReference",
			"name": "md4.h",
			"path": "../../../addons/ofxPoco/libs/openssl/include/openssl/md4.h",
			"sourceTree": "SOURCE_ROOT"
		},
		"9BF9CC46-FB76-4ED3-97AF-7C55F531D8C5": {
			"explicitFileType": "sourcecode.c.h",
			"fileEncoding": "4",
			"isa": "PBXFileReference",
			"name": "ofxColorPicker.h",
			"path": "../../../addons/ofxGui/src/ofxColorPicker.h",
			"sourceTree": "SOURCE_ROOT"
		},
		"9F08C6B3-8883-43A5-AC93-E5EB274C6270": {
			"explicitFileType": "sourcecode.c.h",
			"fileEncoding": "4",
			"isa": "PBXFileReference",
			"name": "e_os2.h",
			"path": "../../../addons/ofxPoco/libs/openssl/include/openssl/e_os2.h",
			"sourceTree": "SOURCE_ROOT"
		},
		"9FABA858-4E88-4F4C-8AD4-45EA2ACEBF28": {
			"explicitFileType": "sourcecode.c.h",
			"fileEncoding": "4",
			"isa": "PBXFileReference",
			"name": "cast.h",
			"path": "../../../addons/ofxPoco/libs/openssl/include/openssl/cast.h",
			"sourceTree": "SOURCE_ROOT"
		},
		"A260B0F8-0805-4483-9887-5285D22480DD": {
			"explicitFileType": "sourcecode.c.h",
			"fileEncoding": "4",
			"isa": "PBXFileReference",
			"name": "ofxPanel.h",
			"path": "../../../addons/ofxGui/src/ofxPanel.h",
			"sourceTree": "SOURCE_ROOT"
		},
		"A3841DD3-9B00-4213-9767-6296CF3EF9E1": {
			"explicitFileType": "sourcecode.c.h",
			"fileEncoding": "4",
			"isa": "PBXFileReference",
			"name": "symhacks.h",
			"path": "../../../addons/ofxPoco/libs/openssl/include/openssl/symhacks.h",
			"sourceTree": "SOURCE_ROOT"
		},
		"A409DE8F-D3CF-4101-9E24-5B60F3745FFF": {
			"explicitFileType": "sourcecode.c.h",
			"fileEncoding": "4",
			"isa": "PBXFileReference",
			"name": "hmac.h",
			"path": "../../../addons/ofxPoco/libs/openssl/include/openssl/hmac.h",
			"sourceTree": "SOURCE_ROOT"
		},
		"A6BC24CF-8911-4286-8B53-1BFD58B3F0A2": {
			"explicitFileType": "sourcecode.c.h",
			"fileEncoding": "4",
			"isa": "PBXFileReference",
			"name": "ofxBaseGui.h",
			"path": "../../../addons/ofxGui/src/ofxBaseGui.h",
			"sourceTree": "SOURCE_ROOT"
		},
		"AC2FAFE9-456A-4426-864C-E3246D9A2BFF": {
			"fileRef": "58EB5F34-C21F-4E7B-B794-EE5D8FA48845",
			"isa": "PBXBuildFile"
		},
		"AE254872-4D31-4B2D-BB0B-F81C73253DE1": {
			"explicitFileType": "sourcecode.c.h",
			"fileEncoding": "4",
			"isa": "PBXFileReference",
			"name": "objects.h",
			"path": "../../../addons/ofxPoco/libs/openssl/include/openssl/objects.h",
			"sourceTree": "SOURCE_ROOT"
		},
		"B728D31F-11FB-42CB-AE6C-6996B4D17A75": {
			"explicitFileType": "sourcecode.c.h",
			"fileEncoding": "4",
			"isa": "PBXFileReference",
			"name": "ecdh.h",
			"path": "../../../addons/ofxPoco/libs/openssl/include/openssl/ecdh.h",
			"sourceTree": "SOURCE_ROOT"
		},
		"BACBAC36-5728-4599-9817-72A516D7E5AF": {
			"children": [
				"D5856AB0-9F50-45AE-8926-3E35683ADF6B",
				"A6BC24CF-8911-4286-8B53-1BFD58B3F0A2",
				"6A1CC190-55C3-415D-BB5B-0F1658486CC1",
				"F5B7103B-3D28-4EB6-8192-6D788B3BC64E",
				"DFC11224-A9F0-42E3-8F15-0BA431CA0154",
				"9BF9CC46-FB76-4ED3-97AF-7C55F531D8C5",
				"F861C59E-D208-4F2C-9E59-397B9BC5C09F",
				"DF953CB0-9B8A-4E42-96C5-7605388C9494",
				"050BF501-F084-4D2C-8EE3-69EC9206CC86",
				"4A139278-739D-4C35-8B8F-DDB05044CE95",
				"304E261D-2E09-4895-BFEE-ADCAEE5179C6",
				"656E3EFB-DED6-498F-87C9-95CEFADFAFD3",
				"170D7812-6F25-429E-933A-47373B4B7E97",
				"32411A92-2184-49B3-99B5-78879CEE34EB",
				"5953E70D-6049-4E93-8DDC-127F3F0B5753",
				"A260B0F8-0805-4483-9887-5285D22480DD",
				"0145131C-8E6C-4B19-85B7-925070E54F42",
				"3CD3F46C-DF09-477F-A42B-C1728A6C2594",
				"2DE24FD1-7368-4373-832D-90146802F773",
				"8D56771A-284C-4715-A6D0-F6B4E819A01F",
				"C200F704-E217-443A-9251-253CBD439764",
				"0D019B95-E041-41C1-9C31-0D69C0CEB27C"
			],
			"isa": "PBXGroup",
			"name": "src",
			"path": "../../../addons/ofxGui/src",
			"sourceTree": "SOURCE_ROOT"
		},
		"BB4B014C10F69532006C3DED": {
			"children": [
				"1F15B356-7B7D-4FC7-BF1F-956066280127",
				"2A2AA61E-25CB-4604-B1C4-DBAD515446B3",
				"CEA8588D-2FCC-4E0D-BB84-B4A2954B98DE",
				"4B555461-67A4-4B05-9C93-70E155F7700D"
			],
			"isa": "PBXGroup",
			"name": "addons",
			"path": "../../../addons",
			"sourceTree": "<group>"
		},
		"BD5F4E9C-DAA9-4DC4-ACB4-7F2505BD82BA": {
			"explicitFileType": "sourcecode.c.h",
			"fileEncoding": "4",
			"isa": "PBXFileReference",
			"name": "async.h",
			"path": "../../../addons/ofxPoco/libs/openssl/include/openssl/async.h",
			"sourceTree": "SOURCE_ROOT"
		},
		"BE6D3A47-4D5C-4CE3-9DD0-4C84D2DD2E35": {
			"explicitFileType": "sourcecode.c.h",
			"fileEncoding": "4",
			"isa": "PBXFileReference",
			"name": "opensslv.h",
			"path": "../../../addons/ofxPoco/libs/openssl/include/openssl/opensslv.h",
			"sourceTree": "SOURCE_ROOT"
		},
		"C19754AB-73F2-418A-8ECF-64E9EEF0C32C": {
			"explicitFileType": "sourcecode.c.h",
			"fileEncoding": "4",
			"isa": "PBXFileReference",
			"name": "modes.h",
			"path": "../../../addons/ofxPoco/libs/openssl/include/openssl/modes.h",
			"sourceTree": "SOURCE_ROOT"
		},
		"C200F704-E217-443A-9251-253CBD439764": {
			"explicitFileType": "sourcecode.cpp.cpp",
			"fileEncoding": "4",
			"isa": "PBXFileReference",
			"name": "ofxToggle.cpp",
			"path": "../../../addons/ofxGui/src/ofxToggle.cpp",
			"sourceTree": "SOURCE_ROOT"
		},
		"C3001126-D903-42F1-BD5D-B6AC85165482": {
			"explicitFileType": "sourcecode.c.h",
			"fileEncoding": "4",
			"isa": "PBXFileReference",
			"name": "x509v3.h",
			"path": "../../../addons/ofxPoco/libs/openssl/include/openssl/x509v3.h",
			"sourceTree": "SOURCE_ROOT"
		},
		"C4E35E74-4FE3-4339-B8C8-FEB29210291B": {
			"explicitFileType": "sourcecode.c.h",
			"fileEncoding": "4",
			"isa": "PBXFileReference",
			"name": "dsa.h",
			"path": "../../../addons/ofxPoco/libs/openssl/include/openssl/dsa.h",
			"sourceTree": "SOURCE_ROOT"
		},
		"C952434C-332F-4327-9DAC-17592FF0E329": {
			"explicitFileType": "sourcecode.c.h",
			"fileEncoding": "4",
			"isa": "PBXFileReference",
			"name": "bn.h",
			"path": "../../../addons/ofxPoco/libs/openssl/include/openssl/bn.h",
			"sourceTree": "SOURCE_ROOT"
		},
		"C97A3836-0A0F-4F62-B4B0-2AC72C67398C": {
			"children": [
				"849D9008-84B0-4342-98E5-2A80493AC79F"
			],
			"isa": "PBXGroup",
			"name": "openssl",
			"path": "../../../addons/ofxPoco/libs/openssl",
			"sourceTree": "SOURCE_ROOT"
		},
		"CD877E23-F338-4E4E-9710-DF4622058B16": {
			"explicitFileType": "sourcecode.c.h",
			"fileEncoding": "4",
			"isa": "PBXFileReference",
			"name": "ssl3.h",
			"path": "../../../addons/ofxPoco/libs/openssl/include/openssl/ssl3.h",
			"sourceTree": "SOURCE_ROOT"
		},
		"CEA8588D-2FCC-4E0D-BB84-B4A2954B98DE": {
			"children": [
				"09361408-09BA-41A7-8861-5390B4F0ABD6"
			],
			"isa": "PBXGroup",
			"name": "ofxImageSequenceExport",
			"path": "../../../addons/ofxImageSequenceExport",
			"sourceTree": "SOURCE_ROOT"
		},
		"D0BF1F6F-39B7-4157-A4F7-B278E9603864": {
			"explicitFileType": "sourcecode.c.h",
			"fileEncoding": "4",
			"isa": "PBXFileReference",
			"name": "pem.h",
			"path": "../../../addons/ofxPoco/libs/openssl/include/openssl/pem.h",
			"sourceTree": "SOURCE_ROOT"
		},
		"D2EED35D-622C-44F5-8172-727F69A0AEA6": {
			"children": [
				"FB735D53-19C5-4F90-B89F-DD6998B516EB"
			],
			"isa": "PBXGroup",
			"name": "libs",
			"path": "../../../addons/ofxExportImageSequence/libs",
			"sourceTree": "SOURCE_ROOT"
		},
		"D3199A95-42EF-4539-8417-325475865C5E": {
			"explicitFileType": "sourcecode.c.h",
			"fileEncoding": "4",
			"isa": "PBXFileReference",
			"name": "ofxExportImageSequence.h",
			"path": "../../../addons/ofxExportImageSequence/src/ofxExportImageSequence.h",
			"sourceTree": "SOURCE_ROOT"
		},
		"D398141D-DF35-42C2-957B-75F121C7E7DA": {
			"explicitFileType": "sourcecode.cpp.cpp",
			"fileEncoding": "4",
			"isa": "PBXFileReference",
			"name": "ofxImageSequenceExport.cpp",
			"path": "../../../addons/ofxImageSequenceExport/src/ofxImageSequenceExport.cpp",
			"sourceTree": "SOURCE_ROOT"
		},
		"D56A12B0-8580-4EC3-97E3-163B7A8BAC6C": {
			"explicitFileType": "sourcecode.c.h",
			"fileEncoding": "4",
			"isa": "PBXFileReference",
			"name": "rc2.h",
			"path": "../../../addons/ofxPoco/libs/openssl/include/openssl/rc2.h",
			"sourceTree": "SOURCE_ROOT"
		},
		"D5856AB0-9F50-45AE-8926-3E35683ADF6B": {
			"explicitFileType": "sourcecode.cpp.cpp",
			"fileEncoding": "4",
			"isa": "PBXFileReference",
			"name": "ofxBaseGui.cpp",
			"path": "../../../addons/ofxGui/src/ofxBaseGui.cpp",
			"sourceTree": "SOURCE_ROOT"
		},
		"D89D54A8-991E-48C5-961F-9A9D3892462E": {
			"explicitFileType": "sourcecode.c.h",
			"fileEncoding": "4",
			"isa": "PBXFileReference",
			"name": "asn1t.h",
			"path": "../../../addons/ofxPoco/libs/openssl/include/openssl/asn1t.h",
			"sourceTree": "SOURCE_ROOT"
		},
		"DB5442CA-6CC8-4664-AAAF-5BBE16247A16": {
			"explicitFileType": "sourcecode.c.h",
			"fileEncoding": "4",
			"isa": "PBXFileReference",
			"name": "tls1.h",
			"path": "../../../addons/ofxPoco/libs/openssl/include/openssl/tls1.h",
			"sourceTree": "SOURCE_ROOT"
		},
		"DBEFF482-E8D4-4B19-94BE-44DA76083E44": {
			"explicitFileType": "sourcecode.c.h",
			"fileEncoding": "4",
			"isa": "PBXFileReference",
			"name": "idea.h",
			"path": "../../../addons/ofxPoco/libs/openssl/include/openssl/idea.h",
			"sourceTree": "SOURCE_ROOT"
		},
		"DCF75FE6-5F53-4B06-AF68-84203E827F2D": {
			"explicitFileType": "sourcecode.c.h",
			"fileEncoding": "4",
			"isa": "PBXFileReference",
			"name": "dh.h",
			"path": "../../../addons/ofxPoco/libs/openssl/include/openssl/dh.h",
			"sourceTree": "SOURCE_ROOT"
		},
		"DF953CB0-9B8A-4E42-96C5-7605388C9494": {
			"explicitFileType": "sourcecode.cpp.cpp",
			"fileEncoding": "4",
			"isa": "PBXFileReference",
			"name": "ofxGuiGroup.cpp",
			"path": "../../../addons/ofxGui/src/ofxGuiGroup.cpp",
			"sourceTree": "SOURCE_ROOT"
		},
		"DFC11224-A9F0-42E3-8F15-0BA431CA0154": {
			"explicitFileType": "sourcecode.cpp.cpp",
			"fileEncoding": "4",
			"isa": "PBXFileReference",
			"name": "ofxColorPicker.cpp",
			"path": "../../../addons/ofxGui/src/ofxColorPicker.cpp",
			"sourceTree": "SOURCE_ROOT"
		},
		"E0585FD1-62BB-4C3C-A46D-8E4F4E443A34": {
			"explicitFileType": "sourcecode.c.h",
			"fileEncoding": "4",
			"isa": "PBXFileReference",
			"name": "evp.h",
			"path": "../../../addons/ofxPoco/libs/openssl/include/openssl/evp.h",
			"sourceTree": "SOURCE_ROOT"
		},
		"E1E467AA-C19C-4737-A779-FE8F366A8FF3": {
			"explicitFileType": "sourcecode.c.h",
			"fileEncoding": "4",
			"isa": "PBXFileReference",
			"name": "md5.h",
			"path": "../../../addons/ofxPoco/libs/openssl/include/openssl/md5.h",
			"sourceTree": "SOURCE_ROOT"
		},
		"E42962A92163ECCD00A6A9E2": {
			"alwaysOutOfDate": "1",
			"buildActionMask": "2147483647",
			"files": [],
			"inputPaths": [],
			"isa": "PBXShellScriptBuildPhase",
			"name": "Run Script — Compile OF",
			"outputPaths": [],
			"runOnlyForDeploymentPostprocessing": "0",
			"shellPath": "/bin/sh",
			"shellScript": "echo \"💾 Compiling Openframeworks\"\nxcodebuild -project \"$OF_PATH/libs/openFrameworksCompiled/project/osx/openFrameworksLib.xcodeproj\" -target openFrameworks -configuration \"${CONFIGURATION}\"  CLANG_CXX_LANGUAGE_STANDARD=$CLANG_CXX_LANGUAGE_STANDARD MACOSX_DEPLOYMENT_TARGET=$MACOSX_DEPLOYMENT_TARGET GCC_PREPROCESSOR_DEFINITIONS=$USER_PREPROCESSOR_DEFINITIONS\n",
			"showEnvVarsInLog": "0"
		},
		"E4A5B60F29BAAAE400C2D356": {
			"buildActionMask": "2147483647",
			"dstPath": "",
			"dstSubfolderSpec": "6",
			"files": [],
			"isa": "PBXCopyFilesBuildPhase",
			"runOnlyForDeploymentPostprocessing": "0"
		},
		"E4B69B4A0A3A1720003C02F2": {
			"children": [
				"191CD6FA2847E21E0085CBB6",
				"E4B6FCAD0C3E899E008CF71C",
				"E4EB6923138AFD0F00A09F29",
				"E4B69E1C0A3A1BDC003C02F2",
				"191EF70929D778A400F35F26",
				"BB4B014C10F69532006C3DED",
				"E4B69B5B0A3A1756003C02F2"
			],
			"isa": "PBXGroup",
			"sourceTree": "<group>"
		},
		"E4B69B4C0A3A1720003C02F2": {
			"attributes": {
				"LastUpgradeCheck": "0600"
			},
			"buildConfigurationList": "E4B69B4D0A3A1720003C02F2",
			"compatibilityVersion": "Xcode 3.2",
			"developmentRegion": "en",
			"hasScannedForEncodings": "0",
			"isa": "PBXProject",
			"knownRegions": [
				"en",
				"Base"
			],
			"mainGroup": "E4B69B4A0A3A1720003C02F2",
			"productRefGroup": "E4B69B4A0A3A1720003C02F2",
			"projectDirPath": "",
			"projectRoot": "",
			"targets": [
				"E4B69B5A0A3A1756003C02F2"
			]
		},
		"E4B69B4D0A3A1720003C02F2": {
			"buildConfigurations": [
				"E4B69B4E0A3A1720003C02F2",
				"E4B69B4F0A3A1720003C02F2"
			],
			"defaultConfigurationIsVisible": "0",
			"defaultConfigurationName": "Release",
			"isa": "XCConfigurationList"
		},
		"E4B69B4E0A3A1720003C02F2": {
			"baseConfigurationReference": "E4EB6923138AFD0F00A09F29",
			"buildSettings": {
				"CODE_SIGN_ENTITLEMENTS": "of.entitlements",
				"COPY_PHASE_STRIP": "NO",
				"ENABLE_TESTABILITY": "YES",
				"GCC_OPTIMIZATION_LEVEL": "0",
				"GCC_WARN_UNUSED_VARIABLE": "NO",
				"HEADER_SEARCH_PATHS": [
					"$(OF_CORE_HEADERS)",
					"src"
				],
				"OTHER_CPLUSPLUSFLAGS": "-D__MACOSX_CORE__"
			},
			"isa": "XCBuildConfiguration",
			"name": "Debug"
		},
		"E4B69B4F0A3A1720003C02F2": {
			"baseConfigurationReference": "E4EB6923138AFD0F00A09F29",
			"buildSettings": {
				"CODE_SIGN_ENTITLEMENTS": "of.entitlements",
				"COPY_PHASE_STRIP": "YES",
				"GCC_OPTIMIZATION_LEVEL": "3",
				"GCC_UNROLL_LOOPS": "YES",
				"HEADER_SEARCH_PATHS": [
					"$(OF_CORE_HEADERS)",
					"src"
				],
				"OTHER_CPLUSPLUSFLAGS": "-D__MACOSX_CORE__"
			},
			"isa": "XCBuildConfiguration",
			"name": "Release"
		},
		"E4B69B580A3A1756003C02F2": {
			"buildActionMask": "2147483647",
			"files": [
				"E4B69E200A3A1BDC003C02F2",
				"E4B69E210A3A1BDC003C02F2",
				"5A525F61-27F5-4786-9F89-26D41B79783F",
				"AC2FAFE9-456A-4426-864C-E3246D9A2BFF",
				"4243D98E-A502-4577-B082-ECF34E3A2942",
				"E9E948DD-08B6-46F4-AF55-130023CC7B58",
				"6324FDA0-46FA-4304-AB0D-CE56B8536EDB",
				"5EF98AEC-5DCE-4A17-A8BF-6597444E1A19",
				"F964F3A9-87CA-43DF-9834-0FC7F7C2346B",
				"ED09040B-E9F7-48E9-B6A6-0965C3EFA2EF",
				"EEBFD233-01BC-498D-8D51-3022FFA1D953",
				"8F28CAF1-B888-4B9C-AF0E-335471484827",
				"5FB656BC-9CB8-4998-964D-7FD60F0BEFDB",
				"231A91E9-FAE6-4E0A-A4FE-B35116CBB26D",
				"F979ED55-1B00-4611-85C8-B2B9BE4C1A51",
				"F10D4E37-C33E-496E-BAD6-13A5A1042B7A",
				"8A4F3641-C349-4A29-A3C5-15F782602656"
			],
			"isa": "PBXSourcesBuildPhase",
			"runOnlyForDeploymentPostprocessing": "0"
		},
		"E4B69B590A3A1756003C02F2": {
			"buildActionMask": "2147483647",
			"files": [],
			"isa": "PBXFrameworksBuildPhase",
			"runOnlyForDeploymentPostprocessing": "0"
		},
		"E4B69B5A0A3A1756003C02F2": {
			"buildConfigurationList": "E4B69B5F0A3A1757003C02F2",
			"buildPhases": [
				"E42962A92163ECCD00A6A9E2",
				"E4B69B580A3A1756003C02F2",
				"E4B69B590A3A1756003C02F2",
				"E4C2427710CC5ABF004149E2",
				"E4A5B60F29BAAAE400C2D356",
				"19B789C429E5AB4A0082E9B8"
			],
			"buildRules": [],
			"dependencies": [],
			"isa": "PBXNativeTarget",
			"name": "of_ImageSequence",
			"productName": "myOFApp",
			"productReference": "E4B69B5B0A3A1756003C02F2",
			"productType": "com.apple.product-type.application"
		},
		"E4B69B5B0A3A1756003C02F2": {
			"explicitFileType": "wrapper.application",
			"includeInIndex": "0",
			"isa": "PBXFileReference",
			"path": "of_ImageSequenceDebug.app",
			"sourceTree": "BUILT_PRODUCTS_DIR"
		},
		"E4B69B5F0A3A1757003C02F2": {
			"buildConfigurations": [
				"E4B69B600A3A1757003C02F2",
				"E4B69B610A3A1757003C02F2"
			],
			"defaultConfigurationIsVisible": "0",
			"defaultConfigurationName": "Release",
			"isa": "XCConfigurationList"
		},
		"E4B69B600A3A1757003C02F2": {
			"baseConfigurationReference": "E4EB6923138AFD0F00A09F29",
			"buildSettings": {
				"ARCHS": "$(ARCHS_STANDARD)",
				"COPY_PHASE_STRIP": "NO",
				"FRAMEWORK_SEARCH_PATHS": "$(inherited)",
				"GCC_DYNAMIC_NO_PIC": "NO",
				"HEADER_SEARCH_PATHS": [
					"$(OF_CORE_HEADERS)",
					"src",
					"src",
					"../../../addons/ofxExportImageSequence/libs",
					"../../../addons/ofxExportImageSequence/libs/libtiff",
					"../../../addons/ofxExportImageSequence/libs/libtiff/include",
					"../../../addons/ofxExportImageSequence/libs/libtiff/lib",
					"../../../addons/ofxExportImageSequence/libs/libtiff/lib/osx",
					"../../../addons/ofxExportImageSequence/src",
					"../../../addons/ofxGui/src",
					"../../../addons/ofxImageSequenceExport/src",
					"../../../addons/ofxPoco/libs/poco/include",
					"../../../addons/ofxPoco/src",
					"../../../addons/ofxPoco/libs/openssl/include"
				],
				"LIBRARY_SEARCH_PATHS": "$(inherited)",
				"OTHER_LDFLAGS": [
					"$(OF_CORE_LIBS)",
					"$(OF_CORE_FRAMEWORKS)",
					"$(LIB_OF_DEBUG)",
					"../../../addons/ofxExportImageSequence/libs/libtiff/lib/osx/libtiff.a",
					"../../../addons/ofxPoco/libs/poco/lib/osx/PocoNetSSL.a",
					"../../../addons/ofxPoco/libs/poco/lib/osx/PocoNet.a",
					"../../../addons/ofxPoco/libs/poco/lib/osx/PocoCrypto.a",
					"../../../addons/ofxPoco/libs/poco/lib/osx/PocoUtil.a",
					"../../../addons/ofxPoco/libs/poco/lib/osx/PocoJSON.a",
					"../../../addons/ofxPoco/libs/poco/lib/osx/PocoXML.a",
					"../../../addons/ofxPoco/libs/poco/lib/osx/PocoFoundation.a",
					"../../../addons/ofxPoco/libs/openssl/lib/osx/crypto.a",
					"../../../addons/ofxPoco/libs/openssl/lib/osx/ssl.a"
				]
			},
			"isa": "XCBuildConfiguration",
			"name": "Debug"
		},
		"E4B69B610A3A1757003C02F2": {
			"baseConfigurationReference": "E4EB6923138AFD0F00A09F29",
			"buildSettings": {
				"ARCHS": "$(ARCHS_STANDARD)",
				"COPY_PHASE_STRIP": "YES",
				"FRAMEWORK_SEARCH_PATHS": "$(inherited)",
				"HEADER_SEARCH_PATHS": [
					"$(OF_CORE_HEADERS)",
					"src",
					"src",
					"../../../addons/ofxExportImageSequence/libs",
					"../../../addons/ofxExportImageSequence/libs/libtiff",
					"../../../addons/ofxExportImageSequence/libs/libtiff/include",
					"../../../addons/ofxExportImageSequence/libs/libtiff/lib",
					"../../../addons/ofxExportImageSequence/libs/libtiff/lib/osx",
					"../../../addons/ofxExportImageSequence/src",
					"../../../addons/ofxGui/src",
					"../../../addons/ofxImageSequenceExport/src",
					"../../../addons/ofxPoco/libs/poco/include",
					"../../../addons/ofxPoco/src",
					"../../../addons/ofxPoco/libs/openssl/include"
				],
				"LIBRARY_SEARCH_PATHS": "$(inherited)",
				"OTHER_LDFLAGS": [
					"$(OF_CORE_LIBS)",
					"$(OF_CORE_FRAMEWORKS)",
					"$(LIB_OF)",
					"../../../addons/ofxExportImageSequence/libs/libtiff/lib/osx/libtiff.a",
					"../../../addons/ofxPoco/libs/poco/lib/osx/PocoNetSSL.a",
					"../../../addons/ofxPoco/libs/poco/lib/osx/PocoNet.a",
					"../../../addons/ofxPoco/libs/poco/lib/osx/PocoCrypto.a",
					"../../../addons/ofxPoco/libs/poco/lib/osx/PocoUtil.a",
					"../../../addons/ofxPoco/libs/poco/lib/osx/PocoJSON.a",
					"../../../addons/ofxPoco/libs/poco/lib/osx/PocoXML.a",
					"../../../addons/ofxPoco/libs/poco/lib/osx/PocoFoundation.a",
					"../../../addons/ofxPoco/libs/openssl/lib/osx/crypto.a",
					"../../../addons/ofxPoco/libs/openssl/lib/osx/ssl.a"
				],
				"baseConfigurationReference": "E4EB6923138AFD0F00A09F29"
			},
			"isa": "XCBuildConfiguration",
			"name": "Release"
		},
		"E4B69E1C0A3A1BDC003C02F2": {
			"children": [
				"E4B69E1D0A3A1BDC003C02F2",
				"E4B69E1E0A3A1BDC003C02F2",
				"E4B69E1F0A3A1BDC003C02F2",
				"163B008C-90FB-4B44-9FBE-6BC4218C2F32",
				"EB076E42-714D-4142-B536-2AF091C8D387",
				"58EB5F34-C21F-4E7B-B794-EE5D8FA48845",
				"72C25F47-6D18-411D-8D7D-AD5FDE019E77"
			],
			"isa": "PBXGroup",
			"path": "src",
			"sourceTree": "SOURCE_ROOT"
		},
		"E4B69E1D0A3A1BDC003C02F2": {
			"fileEncoding": "4",
			"isa": "PBXFileReference",
			"lastKnownFileType": "sourcecode.cpp.cpp",
			"name": "main.cpp",
			"path": "src/main.cpp",
			"sourceTree": "SOURCE_ROOT"
		},
		"E4B69E1E0A3A1BDC003C02F2": {
			"explicitFileType": "sourcecode.cpp.cpp",
			"fileEncoding": "4",
			"isa": "PBXFileReference",
			"name": "ofApp.cpp",
			"path": "src/ofApp.cpp",
			"sourceTree": "SOURCE_ROOT"
		},
		"E4B69E1F0A3A1BDC003C02F2": {
			"fileEncoding": "4",
			"isa": "PBXFileReference",
			"lastKnownFileType": "sourcecode.c.h",
			"name": "ofApp.h",
			"path": "src/ofApp.h",
			"sourceTree": "SOURCE_ROOT"
		},
		"E4B69E200A3A1BDC003C02F2": {
			"fileRef": "E4B69E1D0A3A1BDC003C02F2",
			"isa": "PBXBuildFile"
		},
		"E4B69E210A3A1BDC003C02F2": {
			"fileRef": "E4B69E1E0A3A1BDC003C02F2",
			"isa": "PBXBuildFile"
		},
		"E4B6FCAD0C3E899E008CF71C": {
			"fileEncoding": "4",
			"isa": "PBXFileReference",
			"lastKnownFileType": "text.plist.xml",
			"path": "openFrameworks-Info.plist",
			"sourceTree": "<group>"
		},
		"E4C2427710CC5ABF004149E2": {
			"buildActionMask": "2147483647",
			"dstPath": "",
			"dstSubfolderSpec": "10",
			"files": [],
			"isa": "PBXCopyFilesBuildPhase",
			"runOnlyForDeploymentPostprocessing": "0"
		},
		"E4EB6923138AFD0F00A09F29": {
			"fileEncoding": "4",
			"isa": "PBXFileReference",
			"lastKnownFileType": "text.xcconfig",
			"path": "Project.xcconfig",
			"sourceTree": "<group>"
		},
		"E6CE31FC-F775-4466-A746-D29C2E948C2F": {
			"explicitFileType": "sourcecode.c.h",
			"fileEncoding": "4",
			"isa": "PBXFileReference",
			"name": "ssl2.h",
			"path": "../../../addons/ofxPoco/libs/openssl/include/openssl/ssl2.h",
			"sourceTree": "SOURCE_ROOT"
		},
		"E839F613-6EBD-4B1E-91CC-933E176E0663": {
			"explicitFileType": "sourcecode.c.h",
			"fileEncoding": "4",
			"isa": "PBXFileReference",
			"name": "err.h",
			"path": "../../../addons/ofxPoco/libs/openssl/include/openssl/err.h",
			"sourceTree": "SOURCE_ROOT"
		},
		"E9E948DD-08B6-46F4-AF55-130023CC7B58": {
			"fileRef": "D5856AB0-9F50-45AE-8926-3E35683ADF6B",
			"isa": "PBXBuildFile"
		},
		"EA620D51-FF1D-4317-ACD5-1C4CC3F5E254": {
			"explicitFileType": "sourcecode.c.h",
			"fileEncoding": "4",
			"isa": "PBXFileReference",
			"name": "lhash.h",
			"path": "../../../addons/ofxPoco/libs/openssl/include/openssl/lhash.h",
			"sourceTree": "SOURCE_ROOT"
		},
		"EAC63333-B735-45DA-9F61-1846E0EFE7E2": {
			"explicitFileType": "sourcecode.c.h",
			"fileEncoding": "4",
			"isa": "PBXFileReference",
			"name": "tiff.h",
			"path": "../../../addons/ofxExportImageSequence/libs/libtiff/include/tiff.h",
			"sourceTree": "SOURCE_ROOT"
		},
		"EB076E42-714D-4142-B536-2AF091C8D387": {
			"explicitFileType": "sourcecode.c.h",
			"fileEncoding": "4",
			"isa": "PBXFileReference",
			"name": "led.hpp",
			"path": "src/led.hpp",
			"sourceTree": "SOURCE_ROOT"
		},
		"EB831A8F-B03C-46D3-AAF5-6401B6DA883F": {
			"explicitFileType": "sourcecode.c.h",
			"fileEncoding": "4",
			"isa": "PBXFileReference",
			"name": "comp.h",
			"path": "../../../addons/ofxPoco/libs/openssl/include/openssl/comp.h",
			"sourceTree": "SOURCE_ROOT"
		},
		"ECC9B3DC-7683-415B-A17E-3725C0A8A00D": {
			"explicitFileType": "sourcecode.c.h",
			"fileEncoding": "4",
			"isa": "PBXFileReference",
			"name": "asn1.h",
			"path": "../../../addons/ofxPoco/libs/openssl/include/openssl/asn1.h",
			"sourceTree": "SOURCE_ROOT"
		},
		"ED09040B-E9F7-48E9-B6A6-0965C3EFA2EF": {
			"fileRef": "304E261D-2E09-4895-BFEE-ADCAEE5179C6",
			"isa": "PBXBuildFile"
		},
		"EEBFD233-01BC-498D-8D51-3022FFA1D953": {
			"fileRef": "170D7812-6F25-429E-933A-47373B4B7E97",
			"isa": "PBXBuildFile"
		},
		"F10D4E37-C33E-496E-BAD6-13A5A1042B7A": {
			"fileRef": "D398141D-DF35-42C2-957B-75F121C7E7DA",
			"isa": "PBXBuildFile"
		},
		"F395CE2E-62BB-489E-96A1-FDC81930A592": {
			"children": [
				"1B9FC4A2-283A-476D-AA77-B3FCF5E16709",
				"ECC9B3DC-7683-415B-A17E-3725C0A8A00D",
				"365B03AA-DBED-484B-B545-57615CB214B0",
				"D89D54A8-991E-48C5-961F-9A9D3892462E",
				"BD5F4E9C-DAA9-4DC4-ACB4-7F2505BD82BA",
				"61E2CCE4-C4DF-4769-BC84-DBCA83A1DE3E",
				"1DF806D9-9A02-4FCE-B62A-EF5592219CCF",
				"C952434C-332F-4327-9DAC-17592FF0E329",
				"FC911E9F-1B19-4AEA-BD99-91CDE4755136",
				"8F15E3D6-0D25-4F46-AA66-88D6E3AA6DBC",
				"9FABA858-4E88-4F4C-8AD4-45EA2ACEBF28",
				"46D799FC-B79C-4D2F-A111-282E5B3D06DA",
				"887508EC-6A55-4F82-9A8B-74BA3B7C4A67",
				"EB831A8F-B03C-46D3-AAF5-6401B6DA883F",
				"0B4D14A7-F4FD-4B91-994A-DE566808B473",
				"4DE53EB4-6308-420B-9750-D34BAD99EDF5",
				"508A3CDA-4333-402D-AF29-6A9456F74CEA",
				"6E936A73-2D0F-4A4A-97D8-274407D30D66",
				"FF24A22E-7CF9-4CB0-9EB8-91C52790A098",
				"DCF75FE6-5F53-4B06-AF68-84203E827F2D",
				"C4E35E74-4FE3-4339-B8C8-FEB29210291B",
				"0C16755D-A462-425B-BCB2-6503A524E9E3",
				"9F08C6B3-8883-43A5-AC93-E5EB274C6270",
				"163D9627-010F-450A-B51E-4F28C790EC48",
				"99BEB96B-D06A-4537-A980-037302617FA5",
				"B728D31F-11FB-42CB-AE6C-6996B4D17A75",
				"79834D5C-07A0-40F3-A384-0A8E520FC436",
				"6B90F8DC-8046-4409-9009-5CE66B53B172",
				"E839F613-6EBD-4B1E-91CC-933E176E0663",
				"E0585FD1-62BB-4C3C-A46D-8E4F4E443A34",
				"A409DE8F-D3CF-4101-9E24-5B60F3745FFF",
				"DBEFF482-E8D4-4B19-94BE-44DA76083E44",
				"3F4BABFD-3588-4FD6-B5FF-5AAE83D65911",
				"EA620D51-FF1D-4317-ACD5-1C4CC3F5E254",
				"8D184B9B-F991-448A-B7D8-2F539662E5C8",
				"9BC40530-EEE0-4045-A233-F0833F510F1C",
				"E1E467AA-C19C-4737-A779-FE8F366A8FF3",
				"49CB6D57-983C-4148-BF2A-68B8019C3A19",
				"C19754AB-73F2-418A-8ECF-64E9EEF0C32C",
				"03F1A86D-EF32-4127-A92F-6C6C49C22CAE",
				"AE254872-4D31-4B2D-BB0B-F81C73253DE1",
				"23EB64E9-009D-40BE-B597-6789F467E11A",
				"16352BDD-0A02-40FD-84D0-2CB3B5C06A63",
				"4F025264-0F0A-464D-8B43-0B6342F421E0",
				"BE6D3A47-4D5C-4CE3-9DD0-4C84D2DD2E35",
				"65FB666A-60C7-44C3-8171-E6D47FE7CC4D",
				"D0BF1F6F-39B7-4157-A4F7-B278E9603864",
				"FDC0A085-B8C8-46D0-9DE7-F7956D74B250",
				"115D2110-3058-4F71-AF38-515228323F8E",
				"35D85FBE-D836-406E-9BEC-30F4F4339FC2",
				"36FD17A8-7C36-4C3B-B1DF-4D22F8D6BE4B",
				"D56A12B0-8580-4EC3-97E3-163B7A8BAC6C",
				"02316BCF-79FD-44D7-B0DE-84F4A83AB27C",
				"6FB89CFE-18E7-4B02-8CB0-16890019B82A",
				"5807914C-F34D-41CC-ABFB-0367697E52EB",
				"0F723063-A702-4EB0-94D7-09A01323835C",
				"8979BEC4-0CA0-4FBC-B098-8514F6217EE6",
				"F3A4901E-CD79-42DA-987B-7E8C996E1914",
				"2EFD12CB-0C74-4252-A955-95A4588135E3",
				"85EF8871-B146-4EFC-9B8C-71EC1FD63D63",
				"3A014EAF-70FD-453C-84DB-F86C26F9C93D",
				"7CB4EE4C-A810-4F67-8D04-CB59AF928503",
				"E6CE31FC-F775-4466-A746-D29C2E948C2F",
				"CD877E23-F338-4E4E-9710-DF4622058B16",
				"1FCFFA02-D765-4C50-8142-A1D07D9FE7CB",
				"A3841DD3-9B00-4213-9767-6296CF3EF9E1",
				"DB5442CA-6CC8-4664-AAAF-5BBE16247A16",
				"99440DFA-7D22-4F68-8CCB-2A5B4EC8E27B",
				"F838B394-E813-42DA-BE28-E129CBEBC23D",
				"98FE2A43-CD0C-4798-B2F7-2E8F4F9EDBD6",
				"448EAF18-452C-4F6C-814E-A0B4B9EB85D7",
				"79285534-5B00-48F6-A16A-613C2A1E0CA9",
				"394440F2-F070-4380-A0BE-F88E721971D1",
				"C3001126-D903-42F1-BD5D-B6AC85165482"
			],
			"isa": "PBXGroup",
			"name": "openssl",
			"path": "../../../addons/ofxPoco/libs/openssl/include/openssl",
			"sourceTree": "SOURCE_ROOT"
		},
		"F3A4901E-CD79-42DA-987B-7E8C996E1914": {
			"explicitFileType": "sourcecode.c.h",
			"fileEncoding": "4",
			"isa": "PBXFileReference",
			"name": "seed.h",
			"path": "../../../addons/ofxPoco/libs/openssl/include/openssl/seed.h",
			"sourceTree": "SOURCE_ROOT"
		},
		"F5B7103B-3D28-4EB6-8192-6D788B3BC64E": {
			"explicitFileType": "sourcecode.c.h",
			"fileEncoding": "4",
			"isa": "PBXFileReference",
			"name": "ofxButton.h",
			"path": "../../../addons/ofxGui/src/ofxButton.h",
			"sourceTree": "SOURCE_ROOT"
		},
		"F62DD766-F0B7-4F0E-8910-60E3CC15A254": {
			"explicitFileType": "sourcecode.c.h",
			"fileEncoding": "4",
			"isa": "PBXFileReference",
			"name": "tiffconf.h",
			"path": "../../../addons/ofxExportImageSequence/libs/libtiff/include/tiffconf.h",
			"sourceTree": "SOURCE_ROOT"
		},
		"F838B394-E813-42DA-BE28-E129CBEBC23D": {
			"explicitFileType": "sourcecode.c.h",
			"fileEncoding": "4",
			"isa": "PBXFileReference",
			"name": "txt_db.h",
			"path": "../../../addons/ofxPoco/libs/openssl/include/openssl/txt_db.h",
			"sourceTree": "SOURCE_ROOT"
		},
		"F861C59E-D208-4F2C-9E59-397B9BC5C09F": {
			"explicitFileType": "sourcecode.c.h",
			"fileEncoding": "4",
			"isa": "PBXFileReference",
			"name": "ofxGui.h",
			"path": "../../../addons/ofxGui/src/ofxGui.h",
			"sourceTree": "SOURCE_ROOT"
		},
		"F964F3A9-87CA-43DF-9834-0FC7F7C2346B": {
			"fileRef": "DF953CB0-9B8A-4E42-96C5-7605388C9494",
			"isa": "PBXBuildFile"
		},
		"F979ED55-1B00-4611-85C8-B2B9BE4C1A51": {
			"fileRef": "C200F704-E217-443A-9251-253CBD439764",
			"isa": "PBXBuildFile"
		},
		"FB735D53-19C5-4F90-B89F-DD6998B516EB": {
			"children": [
				"62A324D3-DA33-48D6-B83B-2B3CC34DF101"
			],
			"isa": "PBXGroup",
			"name": "libtiff",
			"path": "../../../addons/ofxExportImageSequence/libs/libtiff",
			"sourceTree": "SOURCE_ROOT"
		},
		"FC911E9F-1B19-4AEA-BD99-91CDE4755136": {
			"explicitFileType": "sourcecode.c.h",
			"fileEncoding": "4",
			"isa": "PBXFileReference",
			"name": "buffer.h",
			"path": "../../../addons/ofxPoco/libs/openssl/include/openssl/buffer.h",
			"sourceTree": "SOURCE_ROOT"
		},
		"FDC0A085-B8C8-46D0-9DE7-F7956D74B250": {
			"explicitFileType": "sourcecode.c.h",
			"fileEncoding": "4",
			"isa": "PBXFileReference",
			"name": "pem2.h",
			"path": "../../../addons/ofxPoco/libs/openssl/include/openssl/pem2.h",
			"sourceTree": "SOURCE_ROOT"
		},
		"FF24A22E-7CF9-4CB0-9EB8-91C52790A098": {
			"explicitFileType": "sourcecode.c.h",
			"fileEncoding": "4",
			"isa": "PBXFileReference",
			"name": "des.h",
			"path": "../../../addons/ofxPoco/libs/openssl/include/openssl/des.h",
			"sourceTree": "SOURCE_ROOT"
		}
	},
	"openFrameworksProjectGeneratorVersion": "21",
	"rootObject": "E4B69B4C0A3A1720003C02F2"
}